
Microsoft Visual Studio Solution File, Format Version 12.00
# Visual Studio Version 16
VisualStudioVersion = 16.0.30309.148
MinimumVisualStudioVersion = 10.0.40219.1
Project("{FAE04EC0-301F-11D3-BF4B-00C04F79EFBC}") = "FD.webapi", "FD\FD.webapi.csproj", "{743848BA-E342-4FE7-BC25-984CA01A8A38}"
EndProject
Global
	GlobalSection(SolutionConfigurationPlatforms) = preSolution
		Debug|Any CPU = Debug|Any CPU
		Release|Any CPU = Release|Any CPU
	EndGlobalSection
	GlobalSection(ProjectConfigurationPlatforms) = postSolution
		{743848BA-E342-4FE7-BC25-984CA01A8A38}.Debug|Any CPU.ActiveCfg = Debug|Any CPU
		{743848BA-E342-4FE7-BC25-984CA01A8A38}.Debug|Any CPU.Build.0 = Debug|Any CPU
		{743848BA-E342-4FE7-BC25-984CA01A8A38}.Release|Any CPU.ActiveCfg = Release|Any CPU
		{743848BA-E342-4FE7-BC25-984CA01A8A38}.Release|Any CPU.Build.0 = Release|Any CPU
	EndGlobalSection
	GlobalSection(SolutionProperties) = preSolution
		HideSolutionNode = FALSE
	EndGlobalSection
	GlobalSection(ExtensibilityGlobals) = postSolution
		SolutionGuid = {6B53E9C2-A28D-406F-84AB-B11EAE0D3F52}
	EndGlobalSection
EndGlobal
