
Microsoft Visual Studio Solution File, Format Version 12.00
# Visual Studio Version 16
VisualStudioVersion = 16.0.30309.148
MinimumVisualStudioVersion = 10.0.40219.1
Project("{9A19103F-16F7-4668-BE54-9A1E7A4F7556}") = "FD.Mongo", "FD.Mongo\FD.Mongo.csproj", "{E02806BF-A1A9-4836-A71D-C47B75E0668F}"
EndProject
Project("{2150E333-8FDC-42A3-9474-1A3956D46DE8}") = "Solution Items", "Solution Items", "{0749003B-EC80-499D-8F0C-6DBCB71DE497}"
	ProjectSection(SolutionItems) = preProject
		readme.md = readme.md
	EndProjectSection
EndProject
Project("{9A19103F-16F7-4668-BE54-9A1E7A4F7556}") = "FD.Vue", "FD.Vue\FD.Vue.csproj", "{DD8F8CF0-2515-45D9-A6AC-2A92D12C2E22}"
EndProject
Project("{9A19103F-16F7-4668-BE54-9A1E7A4F7556}") = "FD.Tool", "FD.Tool\FD.Tool.csproj", "{E8C662B0-7854-4D2C-8AA9-EC5863D92113}"
EndProject
Project("{9A19103F-16F7-4668-BE54-9A1E7A4F7556}") = "FD.Swagger", "FD.Swagger\FD.Swagger.csproj", "{5446A50D-4C0D-485D-9590-0CBD2DE96B98}"
EndProject
Project("{9A19103F-16F7-4668-BE54-9A1E7A4F7556}") = "FD.Configration", "FD.Configration\FD.Configration.csproj", "{BA60131A-6067-4392-AE0A-5F9E5219859F}"
EndProject
Project("{9A19103F-16F7-4668-BE54-9A1E7A4F7556}") = "FD.Authorzation", "FD.Authorzation\FD.Authorzation.csproj", "{B4D77247-3380-4D00-9D70-7919E74ADE0E}"
EndProject
Project("{9A19103F-16F7-4668-BE54-9A1E7A4F7556}") = "FD.xunit", "FD.xunit\FD.xunit.csproj", "{6F611F24-EBE4-4DF6-A593-B5EB9C5CB454}"
EndProject
Project("{9A19103F-16F7-4668-BE54-9A1E7A4F7556}") = "FD.ViewModel", "FD.ViewModel\FD.ViewModel.csproj", "{D863B890-C14D-4185-9851-6E08B58DD984}"
EndProject
Project("{FAE04EC0-301F-11D3-BF4B-00C04F79EFBC}") = "FD.Entity", "FD.Entity\FD.Entity.csproj", "{AB649D87-9B11-4CCE-BCEF-68CDBE014E68}"
EndProject
Project("{FAE04EC0-301F-11D3-BF4B-00C04F79EFBC}") = "FD.DapperExtention", "FD.DapperExtention\FD.DapperExtention.csproj", "{5BA345AD-FD69-46CC-AED8-BE534A63E07C}"
EndProject
Project("{FAE04EC0-301F-11D3-BF4B-00C04F79EFBC}") = "FD.DI", "FD.DI\FD.DI.csproj", "{8F50C7F1-CF88-458E-A775-9E63068C22BE}"
EndProject
Global
	GlobalSection(SolutionConfigurationPlatforms) = preSolution
		Debug|Any CPU = Debug|Any CPU
		Release|Any CPU = Release|Any CPU
	EndGlobalSection
	GlobalSection(ProjectConfigurationPlatforms) = postSolution
		{E02806BF-A1A9-4836-A71D-C47B75E0668F}.Debug|Any CPU.ActiveCfg = Debug|Any CPU
		{E02806BF-A1A9-4836-A71D-C47B75E0668F}.Debug|Any CPU.Build.0 = Debug|Any CPU
		{E02806BF-A1A9-4836-A71D-C47B75E0668F}.Release|Any CPU.ActiveCfg = Release|Any CPU
		{E02806BF-A1A9-4836-A71D-C47B75E0668F}.Release|Any CPU.Build.0 = Release|Any CPU
		{DD8F8CF0-2515-45D9-A6AC-2A92D12C2E22}.Debug|Any CPU.ActiveCfg = Debug|Any CPU
		{DD8F8CF0-2515-45D9-A6AC-2A92D12C2E22}.Debug|Any CPU.Build.0 = Debug|Any CPU
		{DD8F8CF0-2515-45D9-A6AC-2A92D12C2E22}.Release|Any CPU.ActiveCfg = Release|Any CPU
		{DD8F8CF0-2515-45D9-A6AC-2A92D12C2E22}.Release|Any CPU.Build.0 = Release|Any CPU
		{E8C662B0-7854-4D2C-8AA9-EC5863D92113}.Debug|Any CPU.ActiveCfg = Debug|Any CPU
		{E8C662B0-7854-4D2C-8AA9-EC5863D92113}.Debug|Any CPU.Build.0 = Debug|Any CPU
		{E8C662B0-7854-4D2C-8AA9-EC5863D92113}.Release|Any CPU.ActiveCfg = Release|Any CPU
		{E8C662B0-7854-4D2C-8AA9-EC5863D92113}.Release|Any CPU.Build.0 = Release|Any CPU
		{5446A50D-4C0D-485D-9590-0CBD2DE96B98}.Debug|Any CPU.ActiveCfg = Debug|Any CPU
		{5446A50D-4C0D-485D-9590-0CBD2DE96B98}.Debug|Any CPU.Build.0 = Debug|Any CPU
		{5446A50D-4C0D-485D-9590-0CBD2DE96B98}.Release|Any CPU.ActiveCfg = Release|Any CPU
		{5446A50D-4C0D-485D-9590-0CBD2DE96B98}.Release|Any CPU.Build.0 = Release|Any CPU
		{BA60131A-6067-4392-AE0A-5F9E5219859F}.Debug|Any CPU.ActiveCfg = Debug|Any CPU
		{BA60131A-6067-4392-AE0A-5F9E5219859F}.Debug|Any CPU.Build.0 = Debug|Any CPU
		{BA60131A-6067-4392-AE0A-5F9E5219859F}.Release|Any CPU.ActiveCfg = Release|Any CPU
		{BA60131A-6067-4392-AE0A-5F9E5219859F}.Release|Any CPU.Build.0 = Release|Any CPU
		{B4D77247-3380-4D00-9D70-7919E74ADE0E}.Debug|Any CPU.ActiveCfg = Debug|Any CPU
		{B4D77247-3380-4D00-9D70-7919E74ADE0E}.Debug|Any CPU.Build.0 = Debug|Any CPU
		{B4D77247-3380-4D00-9D70-7919E74ADE0E}.Release|Any CPU.ActiveCfg = Release|Any CPU
		{B4D77247-3380-4D00-9D70-7919E74ADE0E}.Release|Any CPU.Build.0 = Release|Any CPU
		{6F611F24-EBE4-4DF6-A593-B5EB9C5CB454}.Debug|Any CPU.ActiveCfg = Debug|Any CPU
		{6F611F24-EBE4-4DF6-A593-B5EB9C5CB454}.Debug|Any CPU.Build.0 = Debug|Any CPU
		{6F611F24-EBE4-4DF6-A593-B5EB9C5CB454}.Release|Any CPU.ActiveCfg = Release|Any CPU
		{6F611F24-EBE4-4DF6-A593-B5EB9C5CB454}.Release|Any CPU.Build.0 = Release|Any CPU
		{D863B890-C14D-4185-9851-6E08B58DD984}.Debug|Any CPU.ActiveCfg = Debug|Any CPU
		{D863B890-C14D-4185-9851-6E08B58DD984}.Debug|Any CPU.Build.0 = Debug|Any CPU
		{D863B890-C14D-4185-9851-6E08B58DD984}.Release|Any CPU.ActiveCfg = Release|Any CPU
		{D863B890-C14D-4185-9851-6E08B58DD984}.Release|Any CPU.Build.0 = Release|Any CPU
		{AB649D87-9B11-4CCE-BCEF-68CDBE014E68}.Debug|Any CPU.ActiveCfg = Debug|Any CPU
		{AB649D87-9B11-4CCE-BCEF-68CDBE014E68}.Debug|Any CPU.Build.0 = Debug|Any CPU
		{AB649D87-9B11-4CCE-BCEF-68CDBE014E68}.Release|Any CPU.ActiveCfg = Release|Any CPU
		{AB649D87-9B11-4CCE-BCEF-68CDBE014E68}.Release|Any CPU.Build.0 = Release|Any CPU
		{5BA345AD-FD69-46CC-AED8-BE534A63E07C}.Debug|Any CPU.ActiveCfg = Debug|Any CPU
		{5BA345AD-FD69-46CC-AED8-BE534A63E07C}.Debug|Any CPU.Build.0 = Debug|Any CPU
		{5BA345AD-FD69-46CC-AED8-BE534A63E07C}.Release|Any CPU.ActiveCfg = Release|Any CPU
		{5BA345AD-FD69-46CC-AED8-BE534A63E07C}.Release|Any CPU.Build.0 = Release|Any CPU
		{8F50C7F1-CF88-458E-A775-9E63068C22BE}.Debug|Any CPU.ActiveCfg = Debug|Any CPU
		{8F50C7F1-CF88-458E-A775-9E63068C22BE}.Debug|Any CPU.Build.0 = Debug|Any CPU
		{8F50C7F1-CF88-458E-A775-9E63068C22BE}.Release|Any CPU.ActiveCfg = Release|Any CPU
		{8F50C7F1-CF88-458E-A775-9E63068C22BE}.Release|Any CPU.Build.0 = Release|Any CPU
	EndGlobalSection
	GlobalSection(SolutionProperties) = preSolution
		HideSolutionNode = FALSE
	EndGlobalSection
	GlobalSection(ExtensibilityGlobals) = postSolution
		SolutionGuid = {6B53E9C2-A28D-406F-84AB-B11EAE0D3F52}
	EndGlobalSection
EndGlobal
